
Microsoft Visual Studio Solution File, Format Version 12.00
# Visual Studio Version 17
VisualStudioVersion = 17.11.35327.3
MinimumVisualStudioVersion = 10.0.40219.1
Project("{9A19103F-16F7-4668-BE54-9A1E7A4F7556}") = "RpLidar.NET", "RpLidar.NET\RpLidar.NET.csproj", "{E799FFE3-B22B-420F-A280-03B6B8FD34D2}"
EndProject
Project("{9A19103F-16F7-4668-BE54-9A1E7A4F7556}") = "RpLidar.NET.Example", "RpLidar.NET.Example\RpLidar.NET.Example.csproj", "{BFC05364-228B-4AE8-82CC-8881D6342029}"
EndProject
Global
	GlobalSection(SolutionConfigurationPlatforms) = preSolution
		Debug|Any CPU = Debug|Any CPU
		Release|Any CPU = Release|Any CPU
	EndGlobalSection
	GlobalSection(ProjectConfigurationPlatforms) = postSolution
		{E799FFE3-B22B-420F-A280-03B6B8FD34D2}.Debug|Any CPU.ActiveCfg = Debug|Any CPU
		{E799FFE3-B22B-420F-A280-03B6B8FD34D2}.Debug|Any CPU.Build.0 = Debug|Any CPU
		{E799FFE3-B22B-420F-A280-03B6B8FD34D2}.Release|Any CPU.ActiveCfg = Release|Any CPU
		{E799FFE3-B22B-420F-A280-03B6B8FD34D2}.Release|Any CPU.Build.0 = Release|Any CPU
		{BFC05364-228B-4AE8-82CC-8881D6342029}.Debug|Any CPU.ActiveCfg = Debug|Any CPU
		{BFC05364-228B-4AE8-82CC-8881D6342029}.Debug|Any CPU.Build.0 = Debug|Any CPU
		{BFC05364-228B-4AE8-82CC-8881D6342029}.Release|Any CPU.ActiveCfg = Release|Any CPU
		{BFC05364-228B-4AE8-82CC-8881D6342029}.Release|Any CPU.Build.0 = Release|Any CPU
	EndGlobalSection
	GlobalSection(SolutionProperties) = preSolution
		HideSolutionNode = FALSE
	EndGlobalSection
	GlobalSection(ExtensibilityGlobals) = postSolution
		SolutionGuid = {AF859548-0C8E-41C8-B5C3-EB8BD92C337E}
	EndGlobalSection
EndGlobal
